github.com/google/uuid v1.1.4 h1:0ecGp3skIrHWPNGPJDaBIghfA6Sp7Ruo2Io8eLKzWm0=
github.com/google/uuid v1.1.4/go.mod h1:TIyPZe4MgqvfeYDBFedMoGGpEw/LqOeaOT+nhxU+yHo=
github.com/gorilla/mux v1.8.0 h1:i40aqfkR1h2SlN9hojwV5ZA91wcXFOvkdNIeFDP5koI=
github.com/gorilla/mux v1.8.0/go.mod h1:DVbg23sWSpFRCP0SfiEN6jmj59UnW/n46BH5rLB71So=
github.com/gorilla/websocket v1.4.0 h1:WDFjx/TMzVgy9VdMMQi2K2Emtwi2QcUQsztZ/zLaH/Q=
github.com/gorilla/websocket v1.4.0/go.mod h1:E7qHFY5m1UJ88s3WnNqhKjPHQ0heANvMoAMk2YaljkQ=
github.com/graph-gophers/graphql-go v0.0.0-20201113091052-beb923fada29 h1:sezaKhEfPFg8W0Enm61B9Gs911H8iesGY5R8NDPtd1M=
github.com/graph-gophers/graphql-go v0.0.0-20201113091052-beb923fada29/go.mod h1:9CQHMSxwO4MprSdzoIEobiHpoLtHm77vfxsvsIN5Vuc=
github.com/graph-gophers/graphql-transport-ws v0.0.0-20200904065757-c681d7e1b135 h1:JlvvntG6+XH+46z0fDXzsiZUINvQNgG18fXQL/X/7Pg=
github.com/graph-gophers/graphql-transport-ws v0.0.0-20200904065757-c681d7e1b135/go.mod h1:NIGAcH2JJLkVA0X1qArIk2c4mvrvGzJDzzg09TTbc/w=
github.com/opentracing/opentracing-go v1.1.0 h1:pWlfV3Bxv7k65HYwkikxat0+s3pV4bsqf19k25Ur8rU=
github.com/opentracing/opentracing-go v1.1.0/go.mod h1:UkNAQd3GIcIGf0SeVgPpRdFStlNbqXla1AfSYxPUl2o=
github.com/rs/cors v1.7.0 h1:+88SsELBHx5r+hZ8TCkggzSstaWNbDvThkVK8H6f9ik=
github.com/rs/cors v1.7.0/go.mod h1:gFx+x8UowdsKA9AchylcLynDq+nNFfI8FkUZdN/jGCU=
